{
  "name": "webshop-shop-mp",
  "version": "0.0.0",
  "lockfileVersion": 3,
  "requires": true,
  "packages": {
    "": {
      "name": "webshop-shop-mp",
      "version": "0.0.0",
      "devDependencies": {
        "miniprogram-api-typings": "^5.1.2",
        "typescript": "~5.9.3"
      }
    },
    "node_modules/miniprogram-api-typings": {
      "version": "5.1.2",
      "resolved": "https://registry.npmmirror.com/miniprogram-api-typings/-/miniprogram-api-typings-5.1.2.tgz",
      "integrity": "sha512-+4tABz3krRZu0EFO9obYwsfNC5Grpc5v49ZZc9qNzHRUHvKnM6G/n8/LnJBQCFht9dymhRnRx3FKcJ6TmzfmwA==",
      "dev": true,
      "license": "MIT"
    },
    "node_modules/typescript": {
      "version": "5.9.3",
      "resolved": "https://registry.npmmirror.com/typescript/-/typescript-5.9.3.tgz",
      "integrity": "sha512-jl1vZzPDinLr9eUt3J/t7V6FgNEw9QjvBPdysz9KfQDD41fQrC2Y4vKQdiaUpFT4bXlb1RHhLpp8wtm6M5TgSw==",
      "dev": true,
      "license": "Apache-2.0",
      "bin": {
        "tsc": "bin/tsc",
        "tsserver": "bin/tsserver"
      },
      "engines": {
        "node": ">=14.17"
      }
    }
  }
}
